FRAMEWORK: >= NET462
NUGET
  remote: http://api.nuget.org/v3/index.json
    Castle.Core (3.3.3)
    DryIoc.dll (2.9.1)
    FluentAssertions (4.17)
    Moq (4.5.28)
      Castle.Core (>= 3.3.3)
    Newtonsoft.Json (9.0.1)
    NUnit (3.5)
    SemVer.Git.MSBuild (1.1) - content: once
    Serilog (2.3)
    Serilog.Formatting.Compact (1.0)
      Serilog (>= 2.0)
    Serilog.Sinks.ColoredConsole (2.0)
      Serilog (>= 2.0)
    Serilog.Sinks.File (3.1.1)
      Serilog (>= 2.3)
    Serilog.Sinks.PeriodicBatching (2.1)
      Serilog (>= 2.0)
    Serilog.Sinks.RollingFile (3.2)
      Serilog.Sinks.File (>= 3.1)
    Serilog.Sinks.Seq (3.1.1)
      Serilog (>= 2.2)
      Serilog.Formatting.Compact (>= 1.0)
      Serilog.Sinks.PeriodicBatching (>= 2.1)
      Serilog.Sinks.RollingFile (>= 3.0)
    Serilog.Sinks.Splunk (2.1.1)
      Serilog (>= 2.2)
      Splunk.Logging.Common (>= 1.6)
    Splunk.Logging.Common (1.6.1)
      Newtonsoft.Json (>= 6.0.8)
    VaraniumSharp (1.7)
